
Microsoft Visual Studio Solution File, Format Version 12.00
# Visual Studio Version 17
VisualStudioVersion = 17.11.35222.181
MinimumVisualStudioVersion = 10.0.40219.1
Project("{9A19103F-16F7-4668-BE54-9A1E7A4F7556}") = "ProjectGroup", "ProjectGroup.csproj", "{7C9A9354-9746-4097-98A7-B05999C010E0}"
EndProject
Project("{9A19103F-16F7-4668-BE54-9A1E7A4F7556}") = "TicketResell_BusinessObject", "..\TicketResell_BusinessObject\TicketResell_BusinessObject.csproj", "{5C7F35F8-A927-42C3-B10F-7C4D77696D5C}"
EndProject
Project("{9A19103F-16F7-4668-BE54-9A1E7A4F7556}") = "TicketResell_DAO", "..\TicketResell_DAO\TicketResell_DAO.csproj", "{DC6C737E-E2E2-4EAD-8FB2-EC59794C3D11}"
EndProject
Project("{9A19103F-16F7-4668-BE54-9A1E7A4F7556}") = "TIcketResell_Repository", "..\TIcketResell_Repository\TIcketResell_Repository.csproj", "{FE3DAC5F-863C-4B34-AAA5-33F92196BBDB}"
EndProject
Project("{9A19103F-16F7-4668-BE54-9A1E7A4F7556}") = "TicketResell_Service", "..\TicketResell_Service\TicketResell_Service.csproj", "{C8C7DC98-C4C0-4953-B137-3FAF3DD9DC5C}"
EndProject
Global
	GlobalSection(SolutionConfigurationPlatforms) = preSolution
		Debug|Any CPU = Debug|Any CPU
		Release|Any CPU = Release|Any CPU
	EndGlobalSection
	GlobalSection(ProjectConfigurationPlatforms) = postSolution
		{7C9A9354-9746-4097-98A7-B05999C010E0}.Debug|Any CPU.ActiveCfg = Debug|Any CPU
		{7C9A9354-9746-4097-98A7-B05999C010E0}.Debug|Any CPU.Build.0 = Debug|Any CPU
		{7C9A9354-9746-4097-98A7-B05999C010E0}.Release|Any CPU.ActiveCfg = Release|Any CPU
		{7C9A9354-9746-4097-98A7-B05999C010E0}.Release|Any CPU.Build.0 = Release|Any CPU
		{5C7F35F8-A927-42C3-B10F-7C4D77696D5C}.Debug|Any CPU.ActiveCfg = Debug|Any CPU
		{5C7F35F8-A927-42C3-B10F-7C4D77696D5C}.Debug|Any CPU.Build.0 = Debug|Any CPU
		{5C7F35F8-A927-42C3-B10F-7C4D77696D5C}.Release|Any CPU.ActiveCfg = Release|Any CPU
		{5C7F35F8-A927-42C3-B10F-7C4D77696D5C}.Release|Any CPU.Build.0 = Release|Any CPU
		{DC6C737E-E2E2-4EAD-8FB2-EC59794C3D11}.Debug|Any CPU.ActiveCfg = Debug|Any CPU
		{DC6C737E-E2E2-4EAD-8FB2-EC59794C3D11}.Debug|Any CPU.Build.0 = Debug|Any CPU
		{DC6C737E-E2E2-4EAD-8FB2-EC59794C3D11}.Release|Any CPU.ActiveCfg = Release|Any CPU
		{DC6C737E-E2E2-4EAD-8FB2-EC59794C3D11}.Release|Any CPU.Build.0 = Release|Any CPU
		{FE3DAC5F-863C-4B34-AAA5-33F92196BBDB}.Debug|Any CPU.ActiveCfg = Debug|Any CPU
		{FE3DAC5F-863C-4B34-AAA5-33F92196BBDB}.Debug|Any CPU.Build.0 = Debug|Any CPU
		{FE3DAC5F-863C-4B34-AAA5-33F92196BBDB}.Release|Any CPU.ActiveCfg = Release|Any CPU
		{FE3DAC5F-863C-4B34-AAA5-33F92196BBDB}.Release|Any CPU.Build.0 = Release|Any CPU
		{C8C7DC98-C4C0-4953-B137-3FAF3DD9DC5C}.Debug|Any CPU.ActiveCfg = Debug|Any CPU
		{C8C7DC98-C4C0-4953-B137-3FAF3DD9DC5C}.Debug|Any CPU.Build.0 = Debug|Any CPU
		{C8C7DC98-C4C0-4953-B137-3FAF3DD9DC5C}.Release|Any CPU.ActiveCfg = Release|Any CPU
		{C8C7DC98-C4C0-4953-B137-3FAF3DD9DC5C}.Release|Any CPU.Build.0 = Release|Any CPU
	EndGlobalSection
	GlobalSection(SolutionProperties) = preSolution
		HideSolutionNode = FALSE
	EndGlobalSection
	GlobalSection(ExtensibilityGlobals) = postSolution
		SolutionGuid = {73C99C46-7068-415E-A37C-871512634740}
	EndGlobalSection
EndGlobal
